
Microsoft Visual Studio Solution File, Format Version 11.00
# Visual Studio 2010
Project("{FAE04EC0-301F-11D3-BF4B-00C04F79EFBC}") = "DownloadImages", "DownloadImages\DownloadImages.csproj", "{8BB1C81F-F57D-492F-903A-D6391DD6F15D}"
EndProject
Global
	GlobalSection(SolutionConfigurationPlatforms) = preSolution
		Debug|x86 = Debug|x86
		Release|x86 = Release|x86
	EndGlobalSection
	GlobalSection(ProjectConfigurationPlatforms) = postSolution
		{8BB1C81F-F57D-492F-903A-D6391DD6F15D}.Debug|x86.ActiveCfg = Debug|x86
		{8BB1C81F-F57D-492F-903A-D6391DD6F15D}.Debug|x86.Build.0 = Debug|x86
		{8BB1C81F-F57D-492F-903A-D6391DD6F15D}.Release|x86.ActiveCfg = Release|x86
		{8BB1C81F-F57D-492F-903A-D6391DD6F15D}.Release|x86.Build.0 = Release|x86
	EndGlobalSection
	GlobalSection(SolutionProperties) = preSolution
		HideSolutionNode = FALSE
	EndGlobalSection
EndGlobal
